
Microsoft Visual Studio Solution File, Format Version 12.00
Project("{FAE04EC0-301F-11D3-BF4B-00C04F79EFBC}") = "JetBrains Toolbox Context Menu", "JetBrains Toolbox Context Menu\JetBrains Toolbox Context Menu.csproj", "{196F1DEB-266C-4494-B97C-995BB7D5AB8F}"
EndProject
Global
	GlobalSection(SolutionConfigurationPlatforms) = preSolution
		Debug|Any CPU = Debug|Any CPU
		Release|Any CPU = Release|Any CPU
	EndGlobalSection
	GlobalSection(ProjectConfigurationPlatforms) = postSolution
		{196F1DEB-266C-4494-B97C-995BB7D5AB8F}.Debug|Any CPU.ActiveCfg = Debug|Any CPU
		{196F1DEB-266C-4494-B97C-995BB7D5AB8F}.Debug|Any CPU.Build.0 = Debug|Any CPU
		{196F1DEB-266C-4494-B97C-995BB7D5AB8F}.Release|Any CPU.ActiveCfg = Release|Any CPU
		{196F1DEB-266C-4494-B97C-995BB7D5AB8F}.Release|Any CPU.Build.0 = Release|Any CPU
	EndGlobalSection
EndGlobal
